
Microsoft Visual Studio Solution File, Format Version 12.00
# Visual Studio Version 17
VisualStudioVersion = 17.2.32526.322
MinimumVisualStudioVersion = 10.0.40219.1
Project("{FAE04EC0-301F-11D3-BF4B-00C04F79EFBC}") = "TP04_EntityFramework.UI", "TP04_EntityFramework.UI\TP04_EntityFramework.UI.csproj", "{81A8A4C7-E2AF-413A-8791-40F90FBF521F}"
EndProject
Project("{FAE04EC0-301F-11D3-BF4B-00C04F79EFBC}") = "TP04_EntityFramework.Data", "TP04_EntityFramework.Data\TP04_EntityFramework.Data.csproj", "{7DFD737F-4986-4770-A8C4-9AEE377B9276}"
EndProject
Project("{FAE04EC0-301F-11D3-BF4B-00C04F79EFBC}") = "TP04_EntityFramework.Logic", "TP04_EntityFramework.Logic\TP04_EntityFramework.Logic.csproj", "{C5FAF51F-C3A4-4C3C-8BF0-38D2E0ADC0D7}"
EndProject
Project("{FAE04EC0-301F-11D3-BF4B-00C04F79EFBC}") = "TP04_EntityFramework.Entity", "TP04_EntityFramework.Entity\TP04_EntityFramework.Entity.csproj", "{C6B343D8-FA71-496C-9AD8-906E3E2D9E57}"
EndProject
Global
	GlobalSection(SolutionConfigurationPlatforms) = preSolution
		Debug|Any CPU = Debug|Any CPU
		Release|Any CPU = Release|Any CPU
	EndGlobalSection
	GlobalSection(ProjectConfigurationPlatforms) = postSolution
		{81A8A4C7-E2AF-413A-8791-40F90FBF521F}.Debug|Any CPU.ActiveCfg = Debug|Any CPU
		{81A8A4C7-E2AF-413A-8791-40F90FBF521F}.Debug|Any CPU.Build.0 = Debug|Any CPU
		{81A8A4C7-E2AF-413A-8791-40F90FBF521F}.Release|Any CPU.ActiveCfg = Release|Any CPU
		{81A8A4C7-E2AF-413A-8791-40F90FBF521F}.Release|Any CPU.Build.0 = Release|Any CPU
		{7DFD737F-4986-4770-A8C4-9AEE377B9276}.Debug|Any CPU.ActiveCfg = Debug|Any CPU
		{7DFD737F-4986-4770-A8C4-9AEE377B9276}.Debug|Any CPU.Build.0 = Debug|Any CPU
		{7DFD737F-4986-4770-A8C4-9AEE377B9276}.Release|Any CPU.ActiveCfg = Release|Any CPU
		{7DFD737F-4986-4770-A8C4-9AEE377B9276}.Release|Any CPU.Build.0 = Release|Any CPU
		{C5FAF51F-C3A4-4C3C-8BF0-38D2E0ADC0D7}.Debug|Any CPU.ActiveCfg = Debug|Any CPU
		{C5FAF51F-C3A4-4C3C-8BF0-38D2E0ADC0D7}.Debug|Any CPU.Build.0 = Debug|Any CPU
		{C5FAF51F-C3A4-4C3C-8BF0-38D2E0ADC0D7}.Release|Any CPU.ActiveCfg = Release|Any CPU
		{C5FAF51F-C3A4-4C3C-8BF0-38D2E0ADC0D7}.Release|Any CPU.Build.0 = Release|Any CPU
		{C6B343D8-FA71-496C-9AD8-906E3E2D9E57}.Debug|Any CPU.ActiveCfg = Debug|Any CPU
		{C6B343D8-FA71-496C-9AD8-906E3E2D9E57}.Debug|Any CPU.Build.0 = Debug|Any CPU
		{C6B343D8-FA71-496C-9AD8-906E3E2D9E57}.Release|Any CPU.ActiveCfg = Release|Any CPU
		{C6B343D8-FA71-496C-9AD8-906E3E2D9E57}.Release|Any CPU.Build.0 = Release|Any CPU
	EndGlobalSection
	GlobalSection(SolutionProperties) = preSolution
		HideSolutionNode = FALSE
	EndGlobalSection
	GlobalSection(ExtensibilityGlobals) = postSolution
		SolutionGuid = {CA0AEEEB-13E2-4761-B3D4-D4ACB29E8A8C}
	EndGlobalSection
EndGlobal
